
Microsoft Visual Studio Solution File, Format Version 12.00
# Visual Studio Version 16
VisualStudioVersion = 16.0.31005.135
MinimumVisualStudioVersion = 10.0.40219.1
Project("{FAE04EC0-301F-11D3-BF4B-00C04F79EFBC}") = "WindowsUI", "B21 Ex05 Kiril 323439711 Yonatan 204307672\WindowsUI.csproj", "{CE53EDA3-B4E3-4BCB-9323-830DECB791A2}"
EndProject
Project("{FAE04EC0-301F-11D3-BF4B-00C04F79EFBC}") = "GameLogic", "GameLogic\GameLogic.csproj", "{558B4D55-0C3C-4DC2-B33E-4697E26BA7E5}"
EndProject
Global
	GlobalSection(SolutionConfigurationPlatforms) = preSolution
		Debug|Any CPU = Debug|Any CPU
		Release|Any CPU = Release|Any CPU
	EndGlobalSection
	GlobalSection(ProjectConfigurationPlatforms) = postSolution
		{CE53EDA3-B4E3-4BCB-9323-830DECB791A2}.Debug|Any CPU.ActiveCfg = Debug|Any CPU
		{CE53EDA3-B4E3-4BCB-9323-830DECB791A2}.Debug|Any CPU.Build.0 = Debug|Any CPU
		{CE53EDA3-B4E3-4BCB-9323-830DECB791A2}.Release|Any CPU.ActiveCfg = Release|Any CPU
		{CE53EDA3-B4E3-4BCB-9323-830DECB791A2}.Release|Any CPU.Build.0 = Release|Any CPU
		{558B4D55-0C3C-4DC2-B33E-4697E26BA7E5}.Debug|Any CPU.ActiveCfg = Debug|Any CPU
		{558B4D55-0C3C-4DC2-B33E-4697E26BA7E5}.Debug|Any CPU.Build.0 = Debug|Any CPU
		{558B4D55-0C3C-4DC2-B33E-4697E26BA7E5}.Release|Any CPU.ActiveCfg = Release|Any CPU
		{558B4D55-0C3C-4DC2-B33E-4697E26BA7E5}.Release|Any CPU.Build.0 = Release|Any CPU
	EndGlobalSection
	GlobalSection(SolutionProperties) = preSolution
		HideSolutionNode = FALSE
	EndGlobalSection
	GlobalSection(ExtensibilityGlobals) = postSolution
		SolutionGuid = {57455AC0-069E-4F3C-A777-4D6069F73EB2}
	EndGlobalSection
EndGlobal
